
Microsoft Visual Studio Solution File, Format Version 12.00
# Visual Studio Version 17
VisualStudioVersion = 17.10.35122.118
MinimumVisualStudioVersion = 10.0.40219.1
Project("{9A19103F-16F7-4668-BE54-9A1E7A4F7556}") = "WebAPI", "WebAPI\WebAPI.csproj", "{33BD88EB-69A6-4717-8D4A-BF7BBC1B22CD}"
EndProject
Project("{9A19103F-16F7-4668-BE54-9A1E7A4F7556}") = "Entities", "Entities\Entities.csproj", "{3F48382E-F779-4546-A98B-D00A05081EFF}"
EndProject
Project("{9A19103F-16F7-4668-BE54-9A1E7A4F7556}") = "Repositories", "Repositories\Repositories.csproj", "{714BD5D2-2B23-47CE-85AF-42C7B81AD3D3}"
EndProject
Project("{9A19103F-16F7-4668-BE54-9A1E7A4F7556}") = "Services", "Services\Services.csproj", "{F09A85D5-1658-4B3D-9A4F-047336ED4A69}"
EndProject
Project("{FAE04EC0-301F-11D3-BF4B-00C04F79EFBC}") = "Presentation", "Presentation\Presentation.csproj", "{ACA32ABE-81B5-4100-B73A-93FC5C731C31}"
EndProject
Global
	GlobalSection(SolutionConfigurationPlatforms) = preSolution
		Debug|Any CPU = Debug|Any CPU
		Release|Any CPU = Release|Any CPU
	EndGlobalSection
	GlobalSection(ProjectConfigurationPlatforms) = postSolution
		{33BD88EB-69A6-4717-8D4A-BF7BBC1B22CD}.Debug|Any CPU.ActiveCfg = Debug|Any CPU
		{33BD88EB-69A6-4717-8D4A-BF7BBC1B22CD}.Debug|Any CPU.Build.0 = Debug|Any CPU
		{33BD88EB-69A6-4717-8D4A-BF7BBC1B22CD}.Release|Any CPU.ActiveCfg = Release|Any CPU
		{33BD88EB-69A6-4717-8D4A-BF7BBC1B22CD}.Release|Any CPU.Build.0 = Release|Any CPU
		{3F48382E-F779-4546-A98B-D00A05081EFF}.Debug|Any CPU.ActiveCfg = Debug|Any CPU
		{3F48382E-F779-4546-A98B-D00A05081EFF}.Debug|Any CPU.Build.0 = Debug|Any CPU
		{3F48382E-F779-4546-A98B-D00A05081EFF}.Release|Any CPU.ActiveCfg = Release|Any CPU
		{3F48382E-F779-4546-A98B-D00A05081EFF}.Release|Any CPU.Build.0 = Release|Any CPU
		{714BD5D2-2B23-47CE-85AF-42C7B81AD3D3}.Debug|Any CPU.ActiveCfg = Debug|Any CPU
		{714BD5D2-2B23-47CE-85AF-42C7B81AD3D3}.Debug|Any CPU.Build.0 = Debug|Any CPU
		{714BD5D2-2B23-47CE-85AF-42C7B81AD3D3}.Release|Any CPU.ActiveCfg = Release|Any CPU
		{714BD5D2-2B23-47CE-85AF-42C7B81AD3D3}.Release|Any CPU.Build.0 = Release|Any CPU
		{F09A85D5-1658-4B3D-9A4F-047336ED4A69}.Debug|Any CPU.ActiveCfg = Debug|Any CPU
		{F09A85D5-1658-4B3D-9A4F-047336ED4A69}.Debug|Any CPU.Build.0 = Debug|Any CPU
		{F09A85D5-1658-4B3D-9A4F-047336ED4A69}.Release|Any CPU.ActiveCfg = Release|Any CPU
		{F09A85D5-1658-4B3D-9A4F-047336ED4A69}.Release|Any CPU.Build.0 = Release|Any CPU
		{ACA32ABE-81B5-4100-B73A-93FC5C731C31}.Debug|Any CPU.ActiveCfg = Debug|Any CPU
		{ACA32ABE-81B5-4100-B73A-93FC5C731C31}.Debug|Any CPU.Build.0 = Debug|Any CPU
		{ACA32ABE-81B5-4100-B73A-93FC5C731C31}.Release|Any CPU.ActiveCfg = Release|Any CPU
		{ACA32ABE-81B5-4100-B73A-93FC5C731C31}.Release|Any CPU.Build.0 = Release|Any CPU
	EndGlobalSection
	GlobalSection(SolutionProperties) = preSolution
		HideSolutionNode = FALSE
	EndGlobalSection
	GlobalSection(ExtensibilityGlobals) = postSolution
		SolutionGuid = {8FA54CA4-C47A-44F9-85A9-D561F0AFAFB3}
	EndGlobalSection
EndGlobal
